PODS:
  - OpenTok (2.11.1)
  - React (0.51.0):
    - React/Core (= 0.51.0)
  - React/Core (0.51.0):
    - yoga (= 0.51.0.React)
  - RNOpenTok (2.0.1):
    - OpenTok
    - React
  - yoga (0.51.0.React)

DEPENDENCIES:
  - React (from `../node_modules/react-native`)
  - RNOpenTok (from `../node_modules/react-native-opentok/ios`)
  - yoga (from `../node_modules/react-native/ReactCommon/yoga/yoga.podspec`)

EXTERNAL SOURCES:
  React:
    :path: ../node_modules/react-native
  RNOpenTok:
    :path: ../node_modules/react-native-opentok/ios
  yoga:
    :path: ../node_modules/react-native/ReactCommon/yoga/yoga.podspec

SPEC CHECKSUMS:
  OpenTok: 71593edaae9c18284d4b46eb22a4a4fa69964d21
  React: 352f02f1db6e4744f9a758527e13e3fdefbbd6ba
  RNOpenTok: cab5e455f81cd13ec6ac52b8f126ab00800c803a
  yoga: b5d96400ca8b2936965a7a6516da7c1177f432a3

PODFILE CHECKSUM: 07e49618a1126822249c98579aa1fdf6f02da88c

COCOAPODS: 1.3.1
